# This file was autogenerated by Stack.
# You should not edit this file by hand.
# For more information, please see the documentation at:
#   https://docs.haskellstack.org/en/stable/lock_files

packages:
- completed:
    name: epi-sim
    version: 0.1.8.3
    git: https://github.com/aezarebski/epi-sim.git
    pantry-tree:
      size: 1804
      sha256: 1a3fc747e8adbdef1b96382ec711cad6ecc8d32764905498b24e32faf16832f2
    commit: 69741a3db670108a40788817e196ca214124944d
  original:
    git: https://github.com/aezarebski/epi-sim.git
    commit: 69741a3db670108a40788817e196ca214124944d
- completed:
    name: epi-types
    version: 0.1.0.0
    git: https://github.com/aezarebski/epi-types.git
    pantry-tree:
      size: 472
      sha256: bfa413166b139aef9c91cb9fdd2f159c861280763775b48817966bbbf604e5eb
    commit: 40f619a172ff70134bf97e4dbd975c77c6c7a3ce
  original:
    git: https://github.com/aezarebski/epi-types.git
    commit: 40f619a172ff70134bf97e4dbd975c77c6c7a3ce
snapshots:
- completed:
    size: 492015
    url: https://raw.githubusercontent.com/commercialhaskell/stackage-snapshots/master/lts/15/8.yaml
    sha256: 926bc3d70249dd0ba05277ff00943c0addb35b627cb641752669e7cf771310d0
  original: lts-15.8
