# This file was autogenerated by Stack.
# You should not edit this file by hand.
# For more information, please see the documentation at:
#   https://docs.haskellstack.org/en/stable/lock_files

packages:
- completed:
    name: epi-sim
    version: 0.2.0.1
    git: https://github.com/aezarebski/epi-sim.git
    pantry-tree:
      size: 1980
      sha256: 0cddfeb0a4d947242cab36e04bb32efb36f42afeb543d861e9f5f06fa12d88b2
    commit: f967e09f4be8563a8e40fdcde152d3be1d5b4dfb
  original:
    git: https://github.com/aezarebski/epi-sim.git
    commit: f967e09f4be8563a8e40fdcde152d3be1d5b4dfb
- completed:
    name: epi-types
    version: 0.2.1.2
    git: https://github.com/aezarebski/epi-types.git
    pantry-tree:
      size: 812
      sha256: d9b606af155ef22363c846bd74db3aaf01aa06ef44f840e3219ec32947f2a268
    commit: b54294fd21e5a181c3322272d137eb82e191def7
  original:
    git: https://github.com/aezarebski/epi-types.git
    commit: b54294fd21e5a181c3322272d137eb82e191def7
snapshots:
- completed:
    size: 492015
    url: https://raw.githubusercontent.com/commercialhaskell/stackage-snapshots/master/lts/15/8.yaml
    sha256: 926bc3d70249dd0ba05277ff00943c0addb35b627cb641752669e7cf771310d0
  original: lts-15.8
