# This file was autogenerated by Stack.
# You should not edit this file by hand.
# For more information, please see the documentation at:
#   https://docs.haskellstack.org/en/stable/lock_files

packages:
- completed:
    size: 21182
    url: https://hackage.haskell.org/package/epi-sim-0.2.2.0/epi-sim-0.2.2.0.tar.gz
    name: epi-sim
    version: 0.2.2.0
    sha256: 6a78e4cac775cf7cf62d653480b33d0305c279179b3ea6a089bf74ebdd89f99e
    pantry-tree:
      size: 1200
      sha256: 2c260a13c1f2c43abad9607ff62f7008e28944fbb182ce64a0e5cd530cac4336
  original:
    url: https://hackage.haskell.org/package/epi-sim-0.2.2.0/epi-sim-0.2.2.0.tar.gz
snapshots:
- completed:
    size: 532386
    url: https://raw.githubusercontent.com/commercialhaskell/stackage-snapshots/master/lts/16/17.yaml
    sha256: d3ee1ae797cf63189c95cf27f00700304946c5cb3c1e6a82001cd6584a221e1b
  original: lts-16.17
